
Microsoft Visual Studio Solution File, Format Version 12.00
# Visual Studio 2012
Project("{FAE04EC0-301F-11D3-BF4B-00C04F79EFBC}") = "Cubrick8", "Cubrick8\Cubrick8.csproj", "{224DC0C1-D922-44E0-9D84-C1FABA966610}"
EndProject
Global
	GlobalSection(SolutionConfigurationPlatforms) = preSolution
		Debug|Any CPU = Debug|Any CPU
		Debug|ARM = Debug|ARM
		Debug|x64 = Debug|x64
		Debug|x86 = Debug|x86
		Release|Any CPU = Release|Any CPU
		Release|ARM = Release|ARM
		Release|x64 = Release|x64
		Release|x86 = Release|x86
	EndGlobalSection
	GlobalSection(ProjectConfigurationPlatforms) = postSolution
		{224DC0C1-D922-44E0-9D84-C1FABA966610}.Debug|Any CPU.ActiveCfg = Debug|Any CPU
		{224DC0C1-D922-44E0-9D84-C1FABA966610}.Debug|Any CPU.Build.0 = Debug|Any CPU
		{224DC0C1-D922-44E0-9D84-C1FABA966610}.Debug|Any CPU.Deploy.0 = Debug|Any CPU
		{224DC0C1-D922-44E0-9D84-C1FABA966610}.Debug|ARM.ActiveCfg = Debug|ARM
		{224DC0C1-D922-44E0-9D84-C1FABA966610}.Debug|ARM.Build.0 = Debug|ARM
		{224DC0C1-D922-44E0-9D84-C1FABA966610}.Debug|ARM.Deploy.0 = Debug|ARM
		{224DC0C1-D922-44E0-9D84-C1FABA966610}.Debug|x64.ActiveCfg = Debug|x64
		{224DC0C1-D922-44E0-9D84-C1FABA966610}.Debug|x64.Build.0 = Debug|x64
		{224DC0C1-D922-44E0-9D84-C1FABA966610}.Debug|x64.Deploy.0 = Debug|x64
		{224DC0C1-D922-44E0-9D84-C1FABA966610}.Debug|x86.ActiveCfg = Debug|x86
		{224DC0C1-D922-44E0-9D84-C1FABA966610}.Debug|x86.Build.0 = Debug|x86
		{224DC0C1-D922-44E0-9D84-C1FABA966610}.Debug|x86.Deploy.0 = Debug|x86
		{224DC0C1-D922-44E0-9D84-C1FABA966610}.Release|Any CPU.ActiveCfg = Release|Any CPU
		{224DC0C1-D922-44E0-9D84-C1FABA966610}.Release|Any CPU.Build.0 = Release|Any CPU
		{224DC0C1-D922-44E0-9D84-C1FABA966610}.Release|Any CPU.Deploy.0 = Release|Any CPU
		{224DC0C1-D922-44E0-9D84-C1FABA966610}.Release|ARM.ActiveCfg = Release|ARM
		{224DC0C1-D922-44E0-9D84-C1FABA966610}.Release|ARM.Build.0 = Release|ARM
		{224DC0C1-D922-44E0-9D84-C1FABA966610}.Release|ARM.Deploy.0 = Release|ARM
		{224DC0C1-D922-44E0-9D84-C1FABA966610}.Release|x64.ActiveCfg = Release|x64
		{224DC0C1-D922-44E0-9D84-C1FABA966610}.Release|x64.Build.0 = Release|x64
		{224DC0C1-D922-44E0-9D84-C1FABA966610}.Release|x64.Deploy.0 = Release|x64
		{224DC0C1-D922-44E0-9D84-C1FABA966610}.Release|x86.ActiveCfg = Release|x86
		{224DC0C1-D922-44E0-9D84-C1FABA966610}.Release|x86.Build.0 = Release|x86
		{224DC0C1-D922-44E0-9D84-C1FABA966610}.Release|x86.Deploy.0 = Release|x86
	EndGlobalSection
	GlobalSection(SolutionProperties) = preSolution
		HideSolutionNode = FALSE
	EndGlobalSection
EndGlobal
